
Microsoft Visual Studio Solution File, Format Version 12.00
# Visual Studio Version 17
VisualStudioVersion = 17.7.34024.191
MinimumVisualStudioVersion = 10.0.40219.1
Project("{FAE04EC0-301F-11D3-BF4B-00C04F79EFBC}") = "Task1_soln", "Task1_soln\Task1_soln.csproj", "{14EB45BD-FB5A-493F-9F02-8CF145056B8E}"
EndProject
Global
	GlobalSection(SolutionConfigurationPlatforms) = preSolution
		Debug|Any CPU = Debug|Any CPU
		Release|Any CPU = Release|Any CPU
	EndGlobalSection
	GlobalSection(ProjectConfigurationPlatforms) = postSolution
		{14EB45BD-FB5A-493F-9F02-8CF145056B8E}.Debug|Any CPU.ActiveCfg = Debug|Any CPU
		{14EB45BD-FB5A-493F-9F02-8CF145056B8E}.Debug|Any CPU.Build.0 = Debug|Any CPU
		{14EB45BD-FB5A-493F-9F02-8CF145056B8E}.Release|Any CPU.ActiveCfg = Release|Any CPU
		{14EB45BD-FB5A-493F-9F02-8CF145056B8E}.Release|Any CPU.Build.0 = Release|Any CPU
	EndGlobalSection
	GlobalSection(SolutionProperties) = preSolution
		HideSolutionNode = FALSE
	EndGlobalSection
	GlobalSection(ExtensibilityGlobals) = postSolution
		SolutionGuid = {982F9B64-70BD-4B82-865D-0CFD58EAE5D3}
	EndGlobalSection
EndGlobal
